
Microsoft Visual Studio Solution File, Format Version 12.00
# Visual Studio 15
VisualStudioVersion = 15.0.28307.168
MinimumVisualStudioVersion = 10.0.40219.1
Project("{FAE04EC0-301F-11D3-BF4B-00C04F79EFBC}") = "ConsoleHost", "ConsoleHost\ConsoleHost.csproj", "{5BC6600D-FD70-4A25-B722-DD3AAB6B967B}"
EndProject
Project("{2150E333-8FDC-42A3-9474-1A3956D46DE8}") = "Shared", "Shared", "{075E6CF8-F825-422E-9D83-D95480426584}"
EndProject
Project("{FAE04EC0-301F-11D3-BF4B-00C04F79EFBC}") = "HostingNarrator", "HostingNarrator\HostingNarrator.csproj", "{95D043A1-8097-45CF-AF3D-A87EEBC793AF}"
EndProject
Global
	GlobalSection(SolutionConfigurationPlatforms) = preSolution
		Debug|Any CPU = Debug|Any CPU
		Release|Any CPU = Release|Any CPU
	EndGlobalSection
	GlobalSection(ProjectConfigurationPlatforms) = postSolution
		{5BC6600D-FD70-4A25-B722-DD3AAB6B967B}.Debug|Any CPU.ActiveCfg = Debug|Any CPU
		{5BC6600D-FD70-4A25-B722-DD3AAB6B967B}.Debug|Any CPU.Build.0 = Debug|Any CPU
		{5BC6600D-FD70-4A25-B722-DD3AAB6B967B}.Release|Any CPU.ActiveCfg = Release|Any CPU
		{5BC6600D-FD70-4A25-B722-DD3AAB6B967B}.Release|Any CPU.Build.0 = Release|Any CPU
		{95D043A1-8097-45CF-AF3D-A87EEBC793AF}.Debug|Any CPU.ActiveCfg = Debug|Any CPU
		{95D043A1-8097-45CF-AF3D-A87EEBC793AF}.Debug|Any CPU.Build.0 = Debug|Any CPU
		{95D043A1-8097-45CF-AF3D-A87EEBC793AF}.Release|Any CPU.ActiveCfg = Release|Any CPU
		{95D043A1-8097-45CF-AF3D-A87EEBC793AF}.Release|Any CPU.Build.0 = Release|Any CPU
	EndGlobalSection
	GlobalSection(SolutionProperties) = preSolution
		HideSolutionNode = FALSE
	EndGlobalSection
	GlobalSection(NestedProjects) = preSolution
		{95D043A1-8097-45CF-AF3D-A87EEBC793AF} = {075E6CF8-F825-422E-9D83-D95480426584}
	EndGlobalSection
	GlobalSection(ExtensibilityGlobals) = postSolution
		SolutionGuid = {1EF31415-0EA8-4B8D-91F5-CC8F3A092915}
	EndGlobalSection
EndGlobal
